{
  "lockfile_version": "1",
  "packages": {
    "age@1.2.1": {
      "last_modified": "2025-11-23T21:50:36Z",
      "resolved": "github:NixOS/nixpkgs/ee09932cedcef15aaf476f9343d1dea2cb77e261#age",
      "source": "devbox-search",
      "version": "1.2.1",
      "systems": {
        "aarch64-darwin": {
          "outputs": [
            {
              "name": "out",
              "path": "/nix/store/gfbrwpq3gz8pimv8jnnnf9n81pgdkqy6-age-1.2.1",
              "default": true
            }
          ],
          "store_path": "/nix/store/gfbrwpq3gz8pimv8jnnnf9n81pgdkqy6-age-1.2.1"
        },
        "aarch64-linux": {
          "outputs": [
            {
              "name": "out",
              "path": "/nix/store/dp4cnyb1hcxqmk3jmj42h8vwiy6qyzx9-age-1.2.1",
              "default": true
            }
          ],
          "store_path": "/nix/store/dp4cnyb1hcxqmk3jmj42h8vwiy6qyzx9-age-1.2.1"
        },
        "x86_64-darwin": {
          "outputs": [
            {
              "name": "out",
              "path": "/nix/store/w58dc399xn7idm5y8g2q2j1bf2q6sbgx-age-1.2.1",
              "default": true
            }
          ],
          "store_path": "/nix/store/w58dc399xn7idm5y8g2q2j1bf2q6sbgx-age-1.2.1"
        },
        "x86_64-linux": {
          "outputs": [
            {
              "name": "out",
              "path": "/nix/store/vzjkjvfy1y6g7jjqfxnma6mkvf1qsn51-age-1.2.1",
              "default": true
            }
          ],
          "store_path": "/nix/store/vzjkjvfy1y6g7jjqfxnma6mkvf1qsn51-age-1.2.1"
        }
      }
    },
    "cargo-deny@0.19.9": {
      "last_modified": "2026-06-27T07:37:20Z",
      "resolved": "github:NixOS/nixpkgs/3d46470bb3030020f7e1361f33514854f5bfa86d#cargo-deny",
      "source": "devbox-search",
      "version": "0.19.9",
      "systems": {
        "aarch64-darwin": {
          "outputs": [
            {
              "name": "out",
              "path": "/nix/store/v99rw4r3b5lsryldx99qz3xzmgj74gdr-cargo-deny-0.19.9",
              "default": true
            }
          ],
          "store_path": "/nix/store/v99rw4r3b5lsryldx99qz3xzmgj74gdr-cargo-deny-0.19.9"
        },
        "aarch64-linux": {
          "outputs": [
            {
              "name": "out",
              "path": "/nix/store/zgc1xb8r55abc3chi7sgavhwz5hws2sn-cargo-deny-0.19.9",
              "default": true
            }
          ],
          "store_path": "/nix/store/zgc1xb8r55abc3chi7sgavhwz5hws2sn-cargo-deny-0.19.9"
        },
        "x86_64-darwin": {
          "outputs": [
            {
              "name": "out",
              "path": "/nix/store/n2ckarrlhk6379in8b2dnlxlw63b4j4s-cargo-deny-0.19.9",
              "default": true
            }
          ],
          "store_path": "/nix/store/n2ckarrlhk6379in8b2dnlxlw63b4j4s-cargo-deny-0.19.9"
        },
        "x86_64-linux": {
          "outputs": [
            {
              "name": "out",
              "path": "/nix/store/gn38ql74svbl5ggl8iicl8rw15kzqgx0-cargo-deny-0.19.9",
              "default": true
            }
          ],
          "store_path": "/nix/store/gn38ql74svbl5ggl8iicl8rw15kzqgx0-cargo-deny-0.19.9"
        }
      }
    },
    "direnv@2.37.0": {
      "last_modified": "2025-07-13T22:45:35Z",
      "resolved": "github:NixOS/nixpkgs/a421ac6595024edcfbb1ef950a3712b89161c359#direnv",
      "source": "devbox-search",
      "version": "2.37.0",
      "systems": {
        "aarch64-darwin": {
          "outputs": [
            {
              "name": "out",
              "path": "/nix/store/fh8hqhbj1k0b2g0ivhhrpdbm09msjb8v-direnv-2.37.0",
              "default": true
            }
          ],
          "store_path": "/nix/store/fh8hqhbj1k0b2g0ivhhrpdbm09msjb8v-direnv-2.37.0"
        },
        "aarch64-linux": {
          "outputs": [
            {
              "name": "out",
              "path": "/nix/store/hjlgzr19iskbmd5kc4abyaw4fpzk8p21-direnv-2.37.0",
              "default": true
            }
          ],
          "store_path": "/nix/store/hjlgzr19iskbmd5kc4abyaw4fpzk8p21-direnv-2.37.0"
        },
        "x86_64-darwin": {
          "outputs": [
            {
              "name": "out",
              "path": "/nix/store/kjwzjl9rflm6j9p9wwl4yjim9wl7yabs-direnv-2.37.0",
              "default": true
            }
          ],
          "store_path": "/nix/store/kjwzjl9rflm6j9p9wwl4yjim9wl7yabs-direnv-2.37.0"
        },
        "x86_64-linux": {
          "outputs": [
            {
              "name": "out",
              "path": "/nix/store/g0y8q1v5gash235qqbw5187bd4qsp149-direnv-2.37.0",
              "default": true
            }
          ],
          "store_path": "/nix/store/g0y8q1v5gash235qqbw5187bd4qsp149-direnv-2.37.0"
        }
      }
    },
    "git@2.49.0": {
      "last_modified": "2025-07-08T04:39:49Z",
      "resolved": "github:NixOS/nixpkgs/9b008d60392981ad674e04016d25619281550a9d#git",
      "source": "devbox-search",
      "version": "2.49.0",
      "systems": {
        "aarch64-darwin": {
          "outputs": [
            {
              "name": "out",
              "path": "/nix/store/ir2bhb7n3ngh0dg7p6jbhm1wa4d8gkb7-git-2.49.0",
              "default": true
            },
            {
              "name": "doc",
              "path": "/nix/store/f0bi1v08ki7pq6a4rzhjhnp5szj3940k-git-2.49.0-doc"
            }
          ],
          "store_path": "/nix/store/ir2bhb7n3ngh0dg7p6jbhm1wa4d8gkb7-git-2.49.0"
        },
        "aarch64-linux": {
          "outputs": [
            {
              "name": "out",
              "path": "/nix/store/5p8ljxbgnk31zxbz8hvrfkg1qfgiv3qi-git-2.49.0",
              "default": true
            },
            {
              "name": "doc",
              "path": "/nix/store/hxw5vli42579b8bkxv6nq2p2z4vjvw97-git-2.49.0-doc"
            },
            {
              "name": "debug",
              "path": "/nix/store/isw51rw1b78yw6k454m7h402k88n291w-git-2.49.0-debug"
            }
          ],
          "store_path": "/nix/store/5p8ljxbgnk31zxbz8hvrfkg1qfgiv3qi-git-2.49.0"
        },
        "x86_64-darwin": {
          "outputs": [
            {
              "name": "out",
              "path": "/nix/store/72qfjivfnm6kzdfbiavvici8bi3jzrs6-git-2.49.0",
              "default": true
            },
            {
              "name": "doc",
              "path": "/nix/store/900nidzjyaa0950wk104vzgb82h5wspi-git-2.49.0-doc"
            }
          ],
          "store_path": "/nix/store/72qfjivfnm6kzdfbiavvici8bi3jzrs6-git-2.49.0"
        },
        "x86_64-linux": {
          "outputs": [
            {
              "name": "out",
              "path": "/nix/store/rzqvhv48m3nh8g3j4k6jmz6yqy8apr95-git-2.49.0",
              "default": true
            },
            {
              "name": "debug",
              "path": "/nix/store/201xjz2py285323n3y7r30frdwbdnb6q-git-2.49.0-debug"
            },
            {
              "name": "doc",
              "path": "/nix/store/zcjdp82yx46w8yp1inxkkzb3a3k05a0m-git-2.49.0-doc"
            }
          ],
          "store_path": "/nix/store/rzqvhv48m3nh8g3j4k6jmz6yqy8apr95-git-2.49.0"
        }
      }
    },
    "github:NixOS/nixpkgs/nixpkgs-unstable": {
      "last_modified": "2026-07-05T19:27:47Z",
      "resolved": "github:NixOS/nixpkgs/f205b5574fd0cb7da5b702a2da51507b7f4fdd1b?lastModified=1783279667&narHash=sha256-%2FNAkDSsve%2BGNM0Bt6tleJdCGfsTlK89nPjkVOzZMo0s%3D"
    },
    "gitleaks@8.30.1": {
      "last_modified": "2026-06-27T07:37:20Z",
      "resolved": "github:NixOS/nixpkgs/3d46470bb3030020f7e1361f33514854f5bfa86d#gitleaks",
      "source": "devbox-search",
      "version": "8.30.1",
      "systems": {
        "aarch64-darwin": {
          "outputs": [
            {
              "name": "out",
              "path": "/nix/store/2hxl4j3ahf6fv1jlv95kjsdgqw5a37ld-gitleaks-8.30.1",
              "default": true
            }
          ],
          "store_path": "/nix/store/2hxl4j3ahf6fv1jlv95kjsdgqw5a37ld-gitleaks-8.30.1"
        },
        "aarch64-linux": {
          "outputs": [
            {
              "name": "out",
              "path": "/nix/store/m0ip8d3dvw4a45lk0fl3d8cgs62h4b7d-gitleaks-8.30.1",
              "default": true
            }
          ],
          "store_path": "/nix/store/m0ip8d3dvw4a45lk0fl3d8cgs62h4b7d-gitleaks-8.30.1"
        },
        "x86_64-darwin": {
          "outputs": [
            {
              "name": "out",
              "path": "/nix/store/v5x4dkl13y4nxhcaq4xmrwkidy44gv9p-gitleaks-8.30.1",
              "default": true
            }
          ],
          "store_path": "/nix/store/v5x4dkl13y4nxhcaq4xmrwkidy44gv9p-gitleaks-8.30.1"
        },
        "x86_64-linux": {
          "outputs": [
            {
              "name": "out",
              "path": "/nix/store/zw09h0bzppnaldrxdzh3kh9vli9y64k0-gitleaks-8.30.1",
              "default": true
            }
          ],
          "store_path": "/nix/store/zw09h0bzppnaldrxdzh3kh9vli9y64k0-gitleaks-8.30.1"
        }
      }
    },
    "just@1.55.1": {
      "last_modified": "2026-07-01T06:48:47Z",
      "resolved": "github:NixOS/nixpkgs/f76e4c7b1840704deda511ab34f37b829f6b5636#just",
      "source": "devbox-search",
      "version": "1.55.1",
      "systems": {
        "aarch64-darwin": {
          "outputs": [
            {
              "name": "out",
              "path": "/nix/store/1dhw1q8xgl7xv4s8fc4qn9j2j4p7hk80-just-1.55.1",
              "default": true
            },
            {
              "name": "man",
              "path": "/nix/store/sgz4z3dmacmyjis88lnzmxymnx1biyzx-just-1.55.1-man",
              "default": true
            },
            {
              "name": "doc",
              "path": "/nix/store/00x8x32glg9dl80iaqf0l71x3n61pz3w-just-1.55.1-doc"
            }
          ],
          "store_path": "/nix/store/1dhw1q8xgl7xv4s8fc4qn9j2j4p7hk80-just-1.55.1"
        },
        "aarch64-linux": {
          "outputs": [
            {
              "name": "out",
              "path": "/nix/store/k4wf32cjghnqdb0ia7n0mr3fjjcs6240-just-1.55.1",
              "default": true
            },
            {
              "name": "man",
              "path": "/nix/store/8ah43vk8bvjw2i9rfx7kq8wrfjxg73dl-just-1.55.1-man",
              "default": true
            },
            {
              "name": "doc",
              "path": "/nix/store/bpx387pblrn45yjnscymlwhpfqsfr08s-just-1.55.1-doc"
            }
          ],
          "store_path": "/nix/store/k4wf32cjghnqdb0ia7n0mr3fjjcs6240-just-1.55.1"
        },
        "x86_64-darwin": {
          "outputs": [
            {
              "name": "out",
              "path": "/nix/store/66nwz7gqzp6wkw8r9x23z45lf7ysc74b-just-1.55.1",
              "default": true
            },
            {
              "name": "man",
              "path": "/nix/store/4fz7kgnf4llinmji6nqbd3h20w1v0661-just-1.55.1-man",
              "default": true
            },
            {
              "name": "doc",
              "path": "/nix/store/4hr1i7iizrvxl5qc9xhq12gscgs0b1nl-just-1.55.1-doc"
            }
          ],
          "store_path": "/nix/store/66nwz7gqzp6wkw8r9x23z45lf7ysc74b-just-1.55.1"
        },
        "x86_64-linux": {
          "outputs": [
            {
              "name": "out",
              "path": "/nix/store/4q0ksvaggh0zb50jmff9vr929b0z3r6f-just-1.55.1",
              "default": true
            },
            {
              "name": "man",
              "path": "/nix/store/hzwjzvr50g5rzla3xa8nmd9sak7sqw5i-just-1.55.1-man",
              "default": true
            },
            {
              "name": "doc",
              "path": "/nix/store/kl275lkx9b6qf5d8jjxi1nfwzxigr5qm-just-1.55.1-doc"
            }
          ],
          "store_path": "/nix/store/4q0ksvaggh0zb50jmff9vr929b0z3r6f-just-1.55.1"
        }
      }
    },
    "rustup@1.28.2": {
      "last_modified": "2026-03-21T07:29:51Z",
      "plugin_version": "0.0.1",
      "resolved": "github:NixOS/nixpkgs/09061f748ee21f68a089cd5d91ec1859cd93d0be#rustup",
      "source": "devbox-search",
      "version": "1.28.2",
      "systems": {
        "aarch64-darwin": {
          "outputs": [
            {
              "name": "out",
              "path": "/nix/store/z151hcfq4djwzmxxfdiy5cih1nly05aq-rustup-1.28.2",
              "default": true
            }
          ],
          "store_path": "/nix/store/z151hcfq4djwzmxxfdiy5cih1nly05aq-rustup-1.28.2"
        },
        "aarch64-linux": {
          "outputs": [
            {
              "name": "out",
              "path": "/nix/store/l1bgj6d6p3n9868n91vhb8fvzj3l0n69-rustup-1.28.2",
              "default": true
            }
          ],
          "store_path": "/nix/store/l1bgj6d6p3n9868n91vhb8fvzj3l0n69-rustup-1.28.2"
        },
        "x86_64-darwin": {
          "outputs": [
            {
              "name": "out",
              "path": "/nix/store/3rczx3p8ayxam5xp1h1jpq3cwwrzpak4-rustup-1.28.2",
              "default": true
            }
          ],
          "store_path": "/nix/store/3rczx3p8ayxam5xp1h1jpq3cwwrzpak4-rustup-1.28.2"
        },
        "x86_64-linux": {
          "outputs": [
            {
              "name": "out",
              "path": "/nix/store/8bwaqs52z4830qljdx989b86lqjq5ah3-rustup-1.28.2",
              "default": true
            }
          ],
          "store_path": "/nix/store/8bwaqs52z4830qljdx989b86lqjq5ah3-rustup-1.28.2"
        }
      }
    },
    "sops@3.10.2": {
      "last_modified": "2025-09-18T16:33:27Z",
      "resolved": "github:NixOS/nixpkgs/f4b140d5b253f5e2a1ff4e5506edbf8267724bde#sops",
      "source": "devbox-search",
      "version": "3.10.2",
      "systems": {
        "aarch64-darwin": {
          "outputs": [
            {
              "name": "out",
              "path": "/nix/store/0qy3lyh7sqvr5h90msnly7zw76mpqcfn-sops-3.10.2",
              "default": true
            }
          ],
          "store_path": "/nix/store/0qy3lyh7sqvr5h90msnly7zw76mpqcfn-sops-3.10.2"
        },
        "aarch64-linux": {
          "outputs": [
            {
              "name": "out",
              "path": "/nix/store/zpw6padk6j43njhchzpgik6031bcyna3-sops-3.10.2",
              "default": true
            }
          ],
          "store_path": "/nix/store/zpw6padk6j43njhchzpgik6031bcyna3-sops-3.10.2"
        },
        "x86_64-darwin": {
          "outputs": [
            {
              "name": "out",
              "path": "/nix/store/gdpdcvr36hhgqwqwxln8sgmcfifnmp89-sops-3.10.2",
              "default": true
            }
          ],
          "store_path": "/nix/store/gdpdcvr36hhgqwqwxln8sgmcfifnmp89-sops-3.10.2"
        },
        "x86_64-linux": {
          "outputs": [
            {
              "name": "out",
              "path": "/nix/store/1gcsd95kjkw9qpr79k1vwy28cps7sxk1-sops-3.10.2",
              "default": true
            }
          ],
          "store_path": "/nix/store/1gcsd95kjkw9qpr79k1vwy28cps7sxk1-sops-3.10.2"
        }
      }
    }
  }
}
